
Microsoft Visual Studio Solution File, Format Version 12.00
# Visual Studio 2013
VisualStudioVersion = 12.0.21005.1
MinimumVisualStudioVersion = 10.0.40219.1
Project("{FAE04EC0-301F-11D3-BF4B-00C04F79EFBC}") = "20232908허윤혁_과제3", "20232908허윤혁_과제3.csproj", "{DECE0356-31B6-492F-95D7-5327B28B23BB}"
EndProject
Global
	GlobalSection(SolutionConfigurationPlatforms) = preSolution
		Debug|Any CPU = Debug|Any CPU
		Release|Any CPU = Release|Any CPU
	EndGlobalSection
	GlobalSection(ProjectConfigurationPlatforms) = postSolution
		{DECE0356-31B6-492F-95D7-5327B28B23BB}.Debug|Any CPU.ActiveCfg = Debug|Any CPU
		{DECE0356-31B6-492F-95D7-5327B28B23BB}.Debug|Any CPU.Build.0 = Debug|Any CPU
		{DECE0356-31B6-492F-95D7-5327B28B23BB}.Release|Any CPU.ActiveCfg = Release|Any CPU
		{DECE0356-31B6-492F-95D7-5327B28B23BB}.Release|Any CPU.Build.0 = Release|Any CPU
	EndGlobalSection
	GlobalSection(SolutionProperties) = preSolution
		HideSolutionNode = FALSE
	EndGlobalSection
EndGlobal
